
Microsoft Visual Studio Solution File, Format Version 12.00
# Visual Studio Version 16
VisualStudioVersion = 16.0.31321.278
MinimumVisualStudioVersion = 10.0.40219.1
Project("{9A19103F-16F7-4668-BE54-9A1E7A4F7556}") = "ZSCreatorPlatform.Web.WebApi", "ZSCreatorPlatform.Web.WebApi\ZSCreatorPlatform.Web.WebApi.csproj", "{67717EA8-3C6C-4698-917D-290D04D357B4}"
EndProject
Project("{9A19103F-16F7-4668-BE54-9A1E7A4F7556}") = "CSRedisDistributed", "CSRedisDistributed\CSRedisDistributed.csproj", "{8347D0A8-4F4D-4EF9-89AC-FB4E6C77730A}"
EndProject
Project("{FAE04EC0-301F-11D3-BF4B-00C04F79EFBC}") = "ZSCreatorPlatform.Model", "ZSCreatorPlatform.Model\ZSCreatorPlatform.Model.csproj", "{7875BABB-7670-468E-881F-9FB2C4053A9F}"
EndProject
Project("{FAE04EC0-301F-11D3-BF4B-00C04F79EFBC}") = "ZSCreatorPlatform.Repository", "ZSCreatorPlatform.Repository\ZSCreatorPlatform.Repository.csproj", "{77C49202-F487-44F5-B1BA-58F305B20AAD}"
EndProject
Global
	GlobalSection(SolutionConfigurationPlatforms) = preSolution
		Debug|Any CPU = Debug|Any CPU
		Release|Any CPU = Release|Any CPU
	EndGlobalSection
	GlobalSection(ProjectConfigurationPlatforms) = postSolution
		{67717EA8-3C6C-4698-917D-290D04D357B4}.Debug|Any CPU.ActiveCfg = Debug|Any CPU
		{67717EA8-3C6C-4698-917D-290D04D357B4}.Debug|Any CPU.Build.0 = Debug|Any CPU
		{67717EA8-3C6C-4698-917D-290D04D357B4}.Release|Any CPU.ActiveCfg = Release|Any CPU
		{67717EA8-3C6C-4698-917D-290D04D357B4}.Release|Any CPU.Build.0 = Release|Any CPU
		{8347D0A8-4F4D-4EF9-89AC-FB4E6C77730A}.Debug|Any CPU.ActiveCfg = Debug|Any CPU
		{8347D0A8-4F4D-4EF9-89AC-FB4E6C77730A}.Debug|Any CPU.Build.0 = Debug|Any CPU
		{8347D0A8-4F4D-4EF9-89AC-FB4E6C77730A}.Release|Any CPU.ActiveCfg = Release|Any CPU
		{8347D0A8-4F4D-4EF9-89AC-FB4E6C77730A}.Release|Any CPU.Build.0 = Release|Any CPU
		{7875BABB-7670-468E-881F-9FB2C4053A9F}.Debug|Any CPU.ActiveCfg = Debug|Any CPU
		{7875BABB-7670-468E-881F-9FB2C4053A9F}.Debug|Any CPU.Build.0 = Debug|Any CPU
		{7875BABB-7670-468E-881F-9FB2C4053A9F}.Release|Any CPU.ActiveCfg = Release|Any CPU
		{7875BABB-7670-468E-881F-9FB2C4053A9F}.Release|Any CPU.Build.0 = Release|Any CPU
		{77C49202-F487-44F5-B1BA-58F305B20AAD}.Debug|Any CPU.ActiveCfg = Debug|Any CPU
		{77C49202-F487-44F5-B1BA-58F305B20AAD}.Debug|Any CPU.Build.0 = Debug|Any CPU
		{77C49202-F487-44F5-B1BA-58F305B20AAD}.Release|Any CPU.ActiveCfg = Release|Any CPU
		{77C49202-F487-44F5-B1BA-58F305B20AAD}.Release|Any CPU.Build.0 = Release|Any CPU
	EndGlobalSection
	GlobalSection(SolutionProperties) = preSolution
		HideSolutionNode = FALSE
	EndGlobalSection
	GlobalSection(ExtensibilityGlobals) = postSolution
		SolutionGuid = {D2FDA19E-EFBF-48F6-9735-681AB200F261}
	EndGlobalSection
EndGlobal
